// !$*UTF8*$!
{
	archiveVersion = 1;
	classes = {
	};
	objectVersion = 50;
	objects = {

/* Begin PBXBuildFile section */
		C420AA662417C329003B3C8C /* SquirtleKit.h in Headers */ = {isa = PBXBuildFile; fileRef = C420AA642417C329003B3C8C /* SquirtleKit.h */; settings = {ATTRIBUTES = (Public, ); }; };
		C420AA782417C403003B3C8C /* LoadSave.swift in Sources */ = {isa = PBXBuildFile; fileRef = C420AA6E2417C403003B3C8C /* LoadSave.swift */; };
		C420AA792417C403003B3C8C /* UniColor+hex.swift in Sources */ = {isa = PBXBuildFile; fileRef = C420AA6F2417C403003B3C8C /* UniColor+hex.swift */; };
		C420AA7A2417C403003B3C8C /* String+contains.swift in Sources */ = {isa = PBXBuildFile; fileRef = C420AA702417C403003B3C8C /* String+contains.swift */; };
		C420AA7B2417C403003B3C8C /* String+md5.swift in Sources */ = {isa = PBXBuildFile; fileRef = C420AA712417C403003B3C8C /* String+md5.swift */; };
		C420AA7C2417C403003B3C8C /* String+json.swift in Sources */ = {isa = PBXBuildFile; fileRef = C420AA722417C403003B3C8C /* String+json.swift */; };
		C420AA7D2417C403003B3C8C /* String+subscript.swift in Sources */ = {isa = PBXBuildFile; fileRef = C420AA732417C403003B3C8C /* String+subscript.swift */; };
		C420AA7E2417C403003B3C8C /* String+insert.swift in Sources */ = {isa = PBXBuildFile; fileRef = C420AA742417C403003B3C8C /* String+insert.swift */; };
		C420AA7F2417C403003B3C8C /* Data+json.swift in Sources */ = {isa = PBXBuildFile; fileRef = C420AA752417C403003B3C8C /* Data+json.swift */; };
		C420AA802417C403003B3C8C /* String+regEx.swift in Sources */ = {isa = PBXBuildFile; fileRef = C420AA762417C403003B3C8C /* String+regEx.swift */; };
		C420AA812417C403003B3C8C /* String+toInt.swift in Sources */ = {isa = PBXBuildFile; fileRef = C420AA772417C403003B3C8C /* String+toInt.swift */; };
		C420AA8E2417C76F003B3C8C /* UILabel+getHeight.swift in Sources */ = {isa = PBXBuildFile; fileRef = C420AA8D2417C76F003B3C8C /* UILabel+getHeight.swift */; };
		C420AA912417C820003B3C8C /* PsyKeychain.swift in Sources */ = {isa = PBXBuildFile; fileRef = C420AA902417C820003B3C8C /* PsyKeychain.swift */; };
/* End PBXBuildFile section */

/* Begin PBXFileReference section */
		C420AA612417C329003B3C8C /* SquirtleKit.framework */ = {isa = PBXFileReference; explicitFileType = wrapper.framework; includeInIndex = 0; path = SquirtleKit.framework; sourceTree = BUILT_PRODUCTS_DIR; };
		C420AA642417C329003B3C8C /* SquirtleKit.h */ = {isa = PBXFileReference; lastKnownFileType = sourcecode.c.h; path = SquirtleKit.h; sourceTree = "<group>"; };
		C420AA652417C329003B3C8C /* Info.plist */ = {isa = PBXFileReference; lastKnownFileType = text.plist.xml; path = Info.plist; sourceTree = "<group>"; };
		C420AA6E2417C403003B3C8C /* LoadSave.swift */ = {isa = PBXFileReference; fileEncoding = 4; lastKnownFileType = sourcecode.swift; path = LoadSave.swift; sourceTree = "<group>"; };
		C420AA6F2417C403003B3C8C /* UniColor+hex.swift */ = {isa = PBXFileReference; fileEncoding = 4; lastKnownFileType = sourcecode.swift; path = "UniColor+hex.swift"; sourceTree = "<group>"; };
		C420AA702417C403003B3C8C /* String+contains.swift */ = {isa = PBXFileReference; fileEncoding = 4; lastKnownFileType = sourcecode.swift; path = "String+contains.swift"; sourceTree = "<group>"; };
		C420AA712417C403003B3C8C /* String+md5.swift */ = {isa = PBXFileReference; fileEncoding = 4; lastKnownFileType = sourcecode.swift; path = "String+md5.swift"; sourceTree = "<group>"; };
		C420AA722417C403003B3C8C /* String+json.swift */ = {isa = PBXFileReference; fileEncoding = 4; lastKnownFileType = sourcecode.swift; path = "String+json.swift"; sourceTree = "<group>"; };
		C420AA732417C403003B3C8C /* String+subscript.swift */ = {isa = PBXFileReference; fileEncoding = 4; lastKnownFileType = sourcecode.swift; path = "String+subscript.swift"; sourceTree = "<group>"; };
		C420AA742417C403003B3C8C /* String+insert.swift */ = {isa = PBXFileReference; fileEncoding = 4; lastKnownFileType = sourcecode.swift; path = "String+insert.swift"; sourceTree = "<group>"; };
		C420AA752417C403003B3C8C /* Data+json.swift */ = {isa = PBXFileReference; fileEncoding = 4; lastKnownFileType = sourcecode.swift; path = "Data+json.swift"; sourceTree = "<group>"; };
		C420AA762417C403003B3C8C /* String+regEx.swift */ = {isa = PBXFileReference; fileEncoding = 4; lastKnownFileType = sourcecode.swift; path = "String+regEx.swift"; sourceTree = "<group>"; };
		C420AA772417C403003B3C8C /* String+toInt.swift */ = {isa = PBXFileReference; fileEncoding = 4; lastKnownFileType = sourcecode.swift; path = "String+toInt.swift"; sourceTree = "<group>"; };
		C420AA8D2417C76F003B3C8C /* UILabel+getHeight.swift */ = {isa = PBXFileReference; lastKnownFileType = sourcecode.swift; path = "UILabel+getHeight.swift"; sourceTree = "<group>"; };
		C420AA902417C820003B3C8C /* PsyKeychain.swift */ = {isa = PBXFileReference; lastKnownFileType = sourcecode.swift; path = PsyKeychain.swift; sourceTree = "<group>"; };
/* End PBXFileReference section */

/* Begin PBXFrameworksBuildPhase section */
		C420AA5E2417C329003B3C8C /* Frameworks */ = {
			isa = PBXFrameworksBuildPhase;
			buildActionMask = 2147483647;
			files = (
			);
			runOnlyForDeploymentPostprocessing = 0;
		};
/* End PBXFrameworksBuildPhase section */

/* Begin PBXGroup section */
		C420AA572417C329003B3C8C = {
			isa = PBXGroup;
			children = (
				C420AA632417C329003B3C8C /* SquirtleKit */,
				C420AA622417C329003B3C8C /* Products */,
			);
			sourceTree = "<group>";
		};
		C420AA622417C329003B3C8C /* Products */ = {
			isa = PBXGroup;
			children = (
				C420AA612417C329003B3C8C /* SquirtleKit.framework */,
			);
			name = Products;
			sourceTree = "<group>";
		};
		C420AA632417C329003B3C8C /* SquirtleKit */ = {
			isa = PBXGroup;
			children = (
				C420AA6C2417C381003B3C8C /* Source */,
				C420AA642417C329003B3C8C /* SquirtleKit.h */,
				C420AA652417C329003B3C8C /* Info.plist */,
			);
			path = SquirtleKit;
			sourceTree = "<group>";
		};
		C420AA6C2417C381003B3C8C /* Source */ = {
			isa = PBXGroup;
			children = (
				C420AA922417C936003B3C8C /* View */,
				C420AA8F2417C80E003B3C8C /* Class */,
				C420AA6D2417C3D9003B3C8C /* Extension */,
			);
			path = Source;
			sourceTree = "<group>";
		};
		C420AA6D2417C3D9003B3C8C /* Extension */ = {
			isa = PBXGroup;
			children = (
				C420AA752417C403003B3C8C /* Data+json.swift */,
				C420AA6E2417C403003B3C8C /* LoadSave.swift */,
				C420AA702417C403003B3C8C /* String+contains.swift */,
				C420AA742417C403003B3C8C /* String+insert.swift */,
				C420AA722417C403003B3C8C /* String+json.swift */,
				C420AA712417C403003B3C8C /* String+md5.swift */,
				C420AA762417C403003B3C8C /* String+regEx.swift */,
				C420AA732417C403003B3C8C /* String+subscript.swift */,
				C420AA772417C403003B3C8C /* String+toInt.swift */,
				C420AA6F2417C403003B3C8C /* UniColor+hex.swift */,
				C420AA8D2417C76F003B3C8C /* UILabel+getHeight.swift */,
			);
			path = Extension;
			sourceTree = "<group>";
		};
		C420AA8F2417C80E003B3C8C /* Class */ = {
			isa = PBXGroup;
			children = (
				C420AA902417C820003B3C8C /* PsyKeychain.swift */,
			);
			path = Class;
			sourceTree = "<group>";
		};
		C420AA922417C936003B3C8C /* View */ = {
			isa = PBXGroup;
			children = (
			);
			path = View;
			sourceTree = "<group>";
		};
/* End PBXGroup section */

/* Begin PBXHeadersBuildPhase section */
		C420AA5C2417C329003B3C8C /* Headers */ = {
			isa = PBXHeadersBuildPhase;
			buildActionMask = 2147483647;
			files = (
				C420AA662417C329003B3C8C /* SquirtleKit.h in Headers */,
			);
			runOnlyForDeploymentPostprocessing = 0;
		};
/* End PBXHeadersBuildPhase section */

/* Begin PBXNativeTarget section */
		C420AA602417C329003B3C8C /* SquirtleKit */ = {
			isa = PBXNativeTarget;
			buildConfigurationList = C420AA692417C329003B3C8C /* Build configuration list for PBXNativeTarget "SquirtleKit" */;
			buildPhases = (
				C420AA5C2417C329003B3C8C /* Headers */,
				C420AA5D2417C329003B3C8C /* Sources */,
				C420AA5E2417C329003B3C8C /* Frameworks */,
				C420AA5F2417C329003B3C8C /* Resources */,
			);
			buildRules = (
			);
			dependencies = (
			);
			name = SquirtleKit;
			productName = SquirtleKit;
			productReference = C420AA612417C329003B3C8C /* SquirtleKit.framework */;
			productType = "com.apple.product-type.framework";
		};
/* End PBXNativeTarget section */

/* Begin PBXProject section */
		C420AA582417C329003B3C8C /* Project object */ = {
			isa = PBXProject;
			attributes = {
				LastUpgradeCheck = 1130;
				ORGANIZATIONNAME = lizhenning;
				TargetAttributes = {
					C420AA602417C329003B3C8C = {
						CreatedOnToolsVersion = 11.3.1;
						LastSwiftMigration = 1130;
					};
				};
			};
			buildConfigurationList = C420AA5B2417C329003B3C8C /* Build configuration list for PBXProject "SquirtleKit" */;
			compatibilityVersion = "Xcode 9.3";
			developmentRegion = en;
			hasScannedForEncodings = 0;
			knownRegions = (
				en,
				Base,
			);
			mainGroup = C420AA572417C329003B3C8C;
			productRefGroup = C420AA622417C329003B3C8C /* Products */;
			projectDirPath = "";
			projectRoot = "";
			targets = (
				C420AA602417C329003B3C8C /* SquirtleKit */,
			);
		};
/* End PBXProject section */

/* Begin PBXResourcesBuildPhase section */
		C420AA5F2417C329003B3C8C /* Resources */ = {
			isa = PBXResourcesBuildPhase;
			buildActionMask = 2147483647;
			files = (
			);
			runOnlyForDeploymentPostprocessing = 0;
		};
/* End PBXResourcesBuildPhase section */

/* Begin PBXSourcesBuildPhase section */
		C420AA5D2417C329003B3C8C /* Sources */ = {
			isa = PBXSourcesBuildPhase;
			buildActionMask = 2147483647;
			files = (
				C420AA7D2417C403003B3C8C /* String+subscript.swift in Sources */,
				C420AA812417C403003B3C8C /* String+toInt.swift in Sources */,
				C420AA802417C403003B3C8C /* String+regEx.swift in Sources */,
				C420AA7F2417C403003B3C8C /* Data+json.swift in Sources */,
				C420AA912417C820003B3C8C /* PsyKeychain.swift in Sources */,
				C420AA7C2417C403003B3C8C /* String+json.swift in Sources */,
				C420AA7A2417C403003B3C8C /* String+contains.swift in Sources */,
				C420AA792417C403003B3C8C /* UniColor+hex.swift in Sources */,
				C420AA782417C403003B3C8C /* LoadSave.swift in Sources */,
				C420AA7B2417C403003B3C8C /* String+md5.swift in Sources */,
				C420AA8E2417C76F003B3C8C /* UILabel+getHeight.swift in Sources */,
				C420AA7E2417C403003B3C8C /* String+insert.swift in Sources */,
			);
			runOnlyForDeploymentPostprocessing = 0;
		};
/* End PBXSourcesBuildPhase section */

/* Begin XCBuildConfiguration section */
		C420AA672417C329003B3C8C /* Debug */ = {
			isa = XCBuildConfiguration;
			buildSettings = {
				ALWAYS_SEARCH_USER_PATHS = NO;
				CLANG_ANALYZER_NONNULL = YES;
				CLANG_ANALYZER_NUMBER_OBJECT_CONVERSION = YES_AGGRESSIVE;
				CLANG_CXX_LANGUAGE_STANDARD = "gnu++14";
				CLANG_CXX_LIBRARY = "libc++";
				CLANG_ENABLE_MODULES = YES;
				CLANG_ENABLE_OBJC_ARC = YES;
				CLANG_ENABLE_OBJC_WEAK = YES;
				CLANG_WARN_BLOCK_CAPTURE_AUTORELEASING = YES;
				CLANG_WARN_BOOL_CONVERSION = YES;
				CLANG_WARN_COMMA = YES;
				CLANG_WARN_CONSTANT_CONVERSION = YES;
				CLANG_WARN_DEPRECATED_OBJC_IMPLEMENTATIONS = YES;
				CLANG_WARN_DIRECT_OBJC_ISA_USAGE = YES_ERROR;
				CLANG_WARN_DOCUMENTATION_COMMENTS = YES;
				CLANG_WARN_EMPTY_BODY = YES;
				CLANG_WARN_ENUM_CONVERSION = YES;
				CLANG_WARN_INFINITE_RECURSION = YES;
				CLANG_WARN_INT_CONVERSION = YES;
				CLANG_WARN_NON_LITERAL_NULL_CONVERSION = YES;
				CLANG_WARN_OBJC_IMPLICIT_RETAIN_SELF = YES;
				CLANG_WARN_OBJC_LITERAL_CONVERSION = YES;
				CLANG_WARN_OBJC_ROOT_CLASS = YES_ERROR;
				CLANG_WARN_RANGE_LOOP_ANALYSIS = YES;
				CLANG_WARN_STRICT_PROTOTYPES = YES;
				CLANG_WARN_SUSPICIOUS_MOVE = YES;
				CLANG_WARN_UNGUARDED_AVAILABILITY = YES_AGGRESSIVE;
				CLANG_WARN_UNREACHABLE_CODE = YES;
				CLANG_WARN__DUPLICATE_METHOD_MATCH = YES;
				COPY_PHASE_STRIP = NO;
				CURRENT_PROJECT_VERSION = 1;
				DEBUG_INFORMATION_FORMAT = dwarf;
				ENABLE_STRICT_OBJC_MSGSEND = YES;
				ENABLE_TESTABILITY = YES;
				GCC_C_LANGUAGE_STANDARD = gnu11;
				GCC_DYNAMIC_NO_PIC = NO;
				GCC_NO_COMMON_BLOCKS = YES;
				GCC_OPTIMIZATION_LEVEL = 0;
				GCC_PREPROCESSOR_DEFINITIONS = (
					"DEBUG=1",
					"$(inherited)",
				);
				GCC_WARN_64_TO_32_BIT_CONVERSION = YES;
				GCC_WARN_ABOUT_RETURN_TYPE = YES_ERROR;
				GCC_WARN_UNDECLARED_SELECTOR = YES;
				GCC_WARN_UNINITIALIZED_AUTOS = YES_AGGRESSIVE;
				GCC_WARN_UNUSED_FUNCTION = YES;
				GCC_WARN_UNUSED_VARIABLE = YES;
				IPHONEOS_DEPLOYMENT_TARGET = 13.2;
				MTL_ENABLE_DEBUG_INFO = INCLUDE_SOURCE;
				MTL_FAST_MATH = YES;
				ONLY_ACTIVE_ARCH = YES;
				SDKROOT = iphoneos;
				SWIFT_ACTIVE_COMPILATION_CONDITIONS = DEBUG;
				SWIFT_OPTIMIZATION_LEVEL = "-Onone";
				VERSIONING_SYSTEM = "apple-generic";
				VERSION_INFO_PREFIX = "";
			};
			name = Debug;
		};
		C420AA682417C329003B3C8C /* Release */ = {
			isa = XCBuildConfiguration;
			buildSettings = {
				ALWAYS_SEARCH_USER_PATHS = NO;
				CLANG_ANALYZER_NONNULL = YES;
				CLANG_ANALYZER_NUMBER_OBJECT_CONVERSION = YES_AGGRESSIVE;
				CLANG_CXX_LANGUAGE_STANDARD = "gnu++14";
				CLANG_CXX_LIBRARY = "libc++";
				CLANG_ENABLE_MODULES = YES;
				CLANG_ENABLE_OBJC_ARC = YES;
				CLANG_ENABLE_OBJC_WEAK = YES;
				CLANG_WARN_BLOCK_CAPTURE_AUTORELEASING = YES;
				CLANG_WARN_BOOL_CONVERSION = YES;
				CLANG_WARN_COMMA = YES;
				CLANG_WARN_CONSTANT_CONVERSION = YES;
				CLANG_WARN_DEPRECATED_OBJC_IMPLEMENTATIONS = YES;
				CLANG_WARN_DIRECT_OBJC_ISA_USAGE = YES_ERROR;
				CLANG_WARN_DOCUMENTATION_COMMENTS = YES;
				CLANG_WARN_EMPTY_BODY = YES;
				CLANG_WARN_ENUM_CONVERSION = YES;
				CLANG_WARN_INFINITE_RECURSION = YES;
				CLANG_WARN_INT_CONVERSION = YES;
				CLANG_WARN_NON_LITERAL_NULL_CONVERSION = YES;
				CLANG_WARN_OBJC_IMPLICIT_RETAIN_SELF = YES;
				CLANG_WARN_OBJC_LITERAL_CONVERSION = YES;
				CLANG_WARN_OBJC_ROOT_CLASS = YES_ERROR;
				CLANG_WARN_RANGE_LOOP_ANALYSIS = YES;
				CLANG_WARN_STRICT_PROTOTYPES = YES;
				CLANG_WARN_SUSPICIOUS_MOVE = YES;
				CLANG_WARN_UNGUARDED_AVAILABILITY = YES_AGGRESSIVE;
				CLANG_WARN_UNREACHABLE_CODE = YES;
				CLANG_WARN__DUPLICATE_METHOD_MATCH = YES;
				COPY_PHASE_STRIP = NO;
				CURRENT_PROJECT_VERSION = 1;
				DEBUG_INFORMATION_FORMAT = "dwarf-with-dsym";
				ENABLE_NS_ASSERTIONS = NO;
				ENABLE_STRICT_OBJC_MSGSEND = YES;
				GCC_C_LANGUAGE_STANDARD = gnu11;
				GCC_NO_COMMON_BLOCKS = YES;
				GCC_WARN_64_TO_32_BIT_CONVERSION = YES;
				GCC_WARN_ABOUT_RETURN_TYPE = YES_ERROR;
				GCC_WARN_UNDECLARED_SELECTOR = YES;
				GCC_WARN_UNINITIALIZED_AUTOS = YES_AGGRESSIVE;
				GCC_WARN_UNUSED_FUNCTION = YES;
				GCC_WARN_UNUSED_VARIABLE = YES;
				IPHONEOS_DEPLOYMENT_TARGET = 13.2;
				MTL_ENABLE_DEBUG_INFO = NO;
				MTL_FAST_MATH = YES;
				SDKROOT = iphoneos;
				SWIFT_COMPILATION_MODE = wholemodule;
				SWIFT_OPTIMIZATION_LEVEL = "-O";
				VALIDATE_PRODUCT = YES;
				VERSIONING_SYSTEM = "apple-generic";
				VERSION_INFO_PREFIX = "";
			};
			name = Release;
		};
		C420AA6A2417C329003B3C8C /* Debug */ = {
			isa = XCBuildConfiguration;
			buildSettings = {
				CLANG_ENABLE_MODULES = YES;
				CODE_SIGN_STYLE = Automatic;
				DEFINES_MODULE = YES;
				DEVELOPMENT_TEAM = MW9C36JBRJ;
				DYLIB_COMPATIBILITY_VERSION = 1;
				DYLIB_CURRENT_VERSION = 1;
				DYLIB_INSTALL_NAME_BASE = "@rpath";
				INFOPLIST_FILE = SquirtleKit/Info.plist;
				INSTALL_PATH = "$(LOCAL_LIBRARY_DIR)/Frameworks";
				IPHONEOS_DEPLOYMENT_TARGET = 10.0;
				LD_RUNPATH_SEARCH_PATHS = (
					"$(inherited)",
					"@executable_path/Frameworks",
					"@loader_path/Frameworks",
				);
				PRODUCT_BUNDLE_IDENTIFIER = com.lzning.SquirtleKit;
				PRODUCT_NAME = "$(TARGET_NAME:c99extidentifier)";
				SKIP_INSTALL = YES;
				SWIFT_OPTIMIZATION_LEVEL = "-Onone";
				SWIFT_VERSION = 5.0;
				TARGETED_DEVICE_FAMILY = "1,2";
			};
			name = Debug;
		};
		C420AA6B2417C329003B3C8C /* Release */ = {
			isa = XCBuildConfiguration;
			buildSettings = {
				CLANG_ENABLE_MODULES = YES;
				CODE_SIGN_STYLE = Automatic;
				DEFINES_MODULE = YES;
				DEVELOPMENT_TEAM = MW9C36JBRJ;
				DYLIB_COMPATIBILITY_VERSION = 1;
				DYLIB_CURRENT_VERSION = 1;
				DYLIB_INSTALL_NAME_BASE = "@rpath";
				INFOPLIST_FILE = SquirtleKit/Info.plist;
				INSTALL_PATH = "$(LOCAL_LIBRARY_DIR)/Frameworks";
				IPHONEOS_DEPLOYMENT_TARGET = 10.0;
				LD_RUNPATH_SEARCH_PATHS = (
					"$(inherited)",
					"@executable_path/Frameworks",
					"@loader_path/Frameworks",
				);
				PRODUCT_BUNDLE_IDENTIFIER = com.lzning.SquirtleKit;
				PRODUCT_NAME = "$(TARGET_NAME:c99extidentifier)";
				SKIP_INSTALL = YES;
				SWIFT_VERSION = 5.0;
				TARGETED_DEVICE_FAMILY = "1,2";
			};
			name = Release;
		};
/* End XCBuildConfiguration section */

/* Begin XCConfigurationList section */
		C420AA5B2417C329003B3C8C /* Build configuration list for PBXProject "SquirtleKit" */ = {
			isa = XCConfigurationList;
			buildConfigurations = (
				C420AA672417C329003B3C8C /* Debug */,
				C420AA682417C329003B3C8C /* Release */,
			);
			defaultConfigurationIsVisible = 0;
			defaultConfigurationName = Release;
		};
		C420AA692417C329003B3C8C /* Build configuration list for PBXNativeTarget "SquirtleKit" */ = {
			isa = XCConfigurationList;
			buildConfigurations = (
				C420AA6A2417C329003B3C8C /* Debug */,
				C420AA6B2417C329003B3C8C /* Release */,
			);
			defaultConfigurationIsVisible = 0;
			defaultConfigurationName = Release;
		};
/* End XCConfigurationList section */
	};
	rootObject = C420AA582417C329003B3C8C /* Project object */;
}
